
Microsoft Visual Studio Solution File, Format Version 12.00
# Visual Studio Version 16
VisualStudioVersion = 16.0.31313.79
MinimumVisualStudioVersion = 10.0.40219.1
Project("{FAE04EC0-301F-11D3-BF4B-00C04F79EFBC}") = "DemoWebView2", "DemoWebView2.csproj", "{0BC295A2-AF6D-4D3B-A449-3D5C193C3991}"
EndProject
Global
	GlobalSection(SolutionConfigurationPlatforms) = preSolution
		Debug|Any CPU = Debug|Any CPU
		Release|Any CPU = Release|Any CPU
	EndGlobalSection
	GlobalSection(ProjectConfigurationPlatforms) = postSolution
		{0BC295A2-AF6D-4D3B-A449-3D5C193C3991}.Debug|Any CPU.ActiveCfg = Debug|Any CPU
		{0BC295A2-AF6D-4D3B-A449-3D5C193C3991}.Debug|Any CPU.Build.0 = Debug|Any CPU
		{0BC295A2-AF6D-4D3B-A449-3D5C193C3991}.Release|Any CPU.ActiveCfg = Release|Any CPU
		{0BC295A2-AF6D-4D3B-A449-3D5C193C3991}.Release|Any CPU.Build.0 = Release|Any CPU
	EndGlobalSection
	GlobalSection(SolutionProperties) = preSolution
		HideSolutionNode = FALSE
	EndGlobalSection
	GlobalSection(ExtensibilityGlobals) = postSolution
		SolutionGuid = {2D8E0B85-A84C-4202-ADD6-EE73687C5663}
	EndGlobalSection
EndGlobal
